
Microsoft Visual Studio Solution File, Format Version 12.00
# Visual Studio Version 17
VisualStudioVersion = 17.9.34723.18
MinimumVisualStudioVersion = 10.0.40219.1
Project("{8BC9CEB8-8B4A-11D0-8D11-00A0C91BC942}") = "Sandbox", "Sandbox\Sandbox.vcxproj", "{B642CDB1-D11E-4BED-970D-15FD7433E69B}"
EndProject
Project("{8BC9CEB8-8B4A-11D0-8D11-00A0C91BC942}") = "GameEngine", "GameEngine\GameEngine.vcxproj", "{30BF5175-FB2B-440C-8C8E-8D04F60B8B4E}"
EndProject
Global
	GlobalSection(SolutionConfigurationPlatforms) = preSolution
		Debug|x64 = Debug|x64
		Release|x64 = Release|x64
	EndGlobalSection
	GlobalSection(ProjectConfigurationPlatforms) = postSolution
		{30BF5175-FB2B-440C-8C8E-8D04F60B8B4E}.Debug|x64.ActiveCfg = Debug|x64
		{30BF5175-FB2B-440C-8C8E-8D04F60B8B4E}.Debug|x64.Build.0 = Debug|x64
		{30BF5175-FB2B-440C-8C8E-8D04F60B8B4E}.Release|x64.ActiveCfg = Release|x64
		{30BF5175-FB2B-440C-8C8E-8D04F60B8B4E}.Release|x64.Build.0 = Release|x64
		{B642CDB1-D11E-4BED-970D-15FD7433E69B}.Debug|x64.ActiveCfg = Debug|x64
		{B642CDB1-D11E-4BED-970D-15FD7433E69B}.Debug|x64.Build.0 = Debug|x64
		{B642CDB1-D11E-4BED-970D-15FD7433E69B}.Release|x64.ActiveCfg = Release|x64
		{B642CDB1-D11E-4BED-970D-15FD7433E69B}.Release|x64.Build.0 = Release|x64
	EndGlobalSection
	GlobalSection(SolutionProperties) = preSolution
		HideSolutionNode = FALSE
	EndGlobalSection
	GlobalSection(ExtensibilityGlobals) = postSolution
		SolutionGuid = {ED674BAC-299D-48A1-9A95-A6FD1627E4EC}
	EndGlobalSection
EndGlobal
